
Microsoft Visual Studio Solution File, Format Version 12.00
Project("{FAE04EC0-301F-11D3-BF4B-00C04F79EFBC}") = "TextFilterConsoleApp", "TextFilterConsoleApp\TextFilterConsoleApp.csproj", "{0513E0AE-5E16-4F4D-A01B-498EB3E34E0E}"
EndProject
Project("{FAE04EC0-301F-11D3-BF4B-00C04F79EFBC}") = "TextFilterConsoleApp.Tests", "TextFilterConsoleApp.Tests\TextFilterConsoleApp.Tests.csproj", "{ED0125BC-D09C-4275-9126-1C2CD6B85E8D}"
EndProject
Global
	GlobalSection(SolutionConfigurationPlatforms) = preSolution
		Debug|Any CPU = Debug|Any CPU
		Release|Any CPU = Release|Any CPU
	EndGlobalSection
	GlobalSection(ProjectConfigurationPlatforms) = postSolution
		{0513E0AE-5E16-4F4D-A01B-498EB3E34E0E}.Debug|Any CPU.ActiveCfg = Debug|Any CPU
		{0513E0AE-5E16-4F4D-A01B-498EB3E34E0E}.Debug|Any CPU.Build.0 = Debug|Any CPU
		{0513E0AE-5E16-4F4D-A01B-498EB3E34E0E}.Release|Any CPU.ActiveCfg = Release|Any CPU
		{0513E0AE-5E16-4F4D-A01B-498EB3E34E0E}.Release|Any CPU.Build.0 = Release|Any CPU
		{ED0125BC-D09C-4275-9126-1C2CD6B85E8D}.Debug|Any CPU.ActiveCfg = Debug|Any CPU
		{ED0125BC-D09C-4275-9126-1C2CD6B85E8D}.Debug|Any CPU.Build.0 = Debug|Any CPU
		{ED0125BC-D09C-4275-9126-1C2CD6B85E8D}.Release|Any CPU.ActiveCfg = Release|Any CPU
		{ED0125BC-D09C-4275-9126-1C2CD6B85E8D}.Release|Any CPU.Build.0 = Release|Any CPU
	EndGlobalSection
EndGlobal
